
Microsoft Visual Studio Solution File, Format Version 12.00
# Visual Studio Version 17
VisualStudioVersion = 17.10.34916.146
MinimumVisualStudioVersion = 10.0.40219.1
Project("{FAE04EC0-301F-11D3-BF4B-00C04F79EFBC}") = "AnimalSounds", "AnimalSounds\AnimalSounds.csproj", "{D90560E5-C796-4D7B-B649-EC3730FCE441}"
EndProject
Global
	GlobalSection(SolutionConfigurationPlatforms) = preSolution
		Debug|Any CPU = Debug|Any CPU
		Release|Any CPU = Release|Any CPU
	EndGlobalSection
	GlobalSection(ProjectConfigurationPlatforms) = postSolution
		{D90560E5-C796-4D7B-B649-EC3730FCE441}.Debug|Any CPU.ActiveCfg = Debug|Any CPU
		{D90560E5-C796-4D7B-B649-EC3730FCE441}.Debug|Any CPU.Build.0 = Debug|Any CPU
		{D90560E5-C796-4D7B-B649-EC3730FCE441}.Release|Any CPU.ActiveCfg = Release|Any CPU
		{D90560E5-C796-4D7B-B649-EC3730FCE441}.Release|Any CPU.Build.0 = Release|Any CPU
	EndGlobalSection
	GlobalSection(SolutionProperties) = preSolution
		HideSolutionNode = FALSE
	EndGlobalSection
	GlobalSection(ExtensibilityGlobals) = postSolution
		SolutionGuid = {1DF93AF6-A0E0-4FFE-9F28-688C201697F1}
	EndGlobalSection
EndGlobal
